
Microsoft Visual Studio Solution File, Format Version 12.00
# Visual Studio 15
VisualStudioVersion = 15.0.28307.168
MinimumVisualStudioVersion = 10.0.40219.1
Project("{9A19103F-16F7-4668-BE54-9A1E7A4F7556}") = "Freader", "Freader\Freader.csproj", "{4E9922EB-F82D-43BA-ACC4-142A5B261D21}"
EndProject
Project("{9A19103F-16F7-4668-BE54-9A1E7A4F7556}") = "CXM", "CXM\CXM.csproj", "{3A8BE614-57D4-4147-A1B5-C1805037370B}"
EndProject
Global
	GlobalSection(SolutionConfigurationPlatforms) = preSolution
		Debug|Any CPU = Debug|Any CPU
		Release|Any CPU = Release|Any CPU
	EndGlobalSection
	GlobalSection(ProjectConfigurationPlatforms) = postSolution
		{4E9922EB-F82D-43BA-ACC4-142A5B261D21}.Debug|Any CPU.ActiveCfg = Debug|Any CPU
		{4E9922EB-F82D-43BA-ACC4-142A5B261D21}.Debug|Any CPU.Build.0 = Debug|Any CPU
		{4E9922EB-F82D-43BA-ACC4-142A5B261D21}.Release|Any CPU.ActiveCfg = Release|Any CPU
		{4E9922EB-F82D-43BA-ACC4-142A5B261D21}.Release|Any CPU.Build.0 = Release|Any CPU
		{3A8BE614-57D4-4147-A1B5-C1805037370B}.Debug|Any CPU.ActiveCfg = Debug|Any CPU
		{3A8BE614-57D4-4147-A1B5-C1805037370B}.Debug|Any CPU.Build.0 = Debug|Any CPU
		{3A8BE614-57D4-4147-A1B5-C1805037370B}.Release|Any CPU.ActiveCfg = Release|Any CPU
		{3A8BE614-57D4-4147-A1B5-C1805037370B}.Release|Any CPU.Build.0 = Release|Any CPU
	EndGlobalSection
	GlobalSection(SolutionProperties) = preSolution
		HideSolutionNode = FALSE
	EndGlobalSection
	GlobalSection(ExtensibilityGlobals) = postSolution
		SolutionGuid = {D6E2992E-3463-4154-B2A2-8EB1F47082E6}
	EndGlobalSection
EndGlobal
